
Microsoft Visual Studio Solution File, Format Version 12.00
# Visual Studio 2013
VisualStudioVersion = 12.0.31101.0
MinimumVisualStudioVersion = 10.0.40219.1
Project("{FAE04EC0-301F-11D3-BF4B-00C04F79EFBC}") = "VigenereSolver.Console", "VigenereSolver\VigenereSolver.Console.csproj", "{9EBACDE3-8BEF-4F31-9874-0343238BF12B}"
EndProject
Project("{FAE04EC0-301F-11D3-BF4B-00C04F79EFBC}") = "VigenereSolver.Tests", "VigenereSolver.Tests\VigenereSolver.Tests.csproj", "{A40C9236-596D-4F59-A0A5-611AEEB6F4E9}"
EndProject
Project("{FAE04EC0-301F-11D3-BF4B-00C04F79EFBC}") = "VigenereSolver.Library", "VigenereSolver.Library\VigenereSolver.Library.csproj", "{EB30BA30-BEAB-4C63-BC09-E18910C1B4E8}"
EndProject
Global
	GlobalSection(SolutionConfigurationPlatforms) = preSolution
		Debug|Any CPU = Debug|Any CPU
		Release|Any CPU = Release|Any CPU
	EndGlobalSection
	GlobalSection(ProjectConfigurationPlatforms) = postSolution
		{9EBACDE3-8BEF-4F31-9874-0343238BF12B}.Debug|Any CPU.ActiveCfg = Debug|Any CPU
		{9EBACDE3-8BEF-4F31-9874-0343238BF12B}.Debug|Any CPU.Build.0 = Debug|Any CPU
		{9EBACDE3-8BEF-4F31-9874-0343238BF12B}.Release|Any CPU.ActiveCfg = Release|Any CPU
		{9EBACDE3-8BEF-4F31-9874-0343238BF12B}.Release|Any CPU.Build.0 = Release|Any CPU
		{A40C9236-596D-4F59-A0A5-611AEEB6F4E9}.Debug|Any CPU.ActiveCfg = Debug|Any CPU
		{A40C9236-596D-4F59-A0A5-611AEEB6F4E9}.Debug|Any CPU.Build.0 = Debug|Any CPU
		{A40C9236-596D-4F59-A0A5-611AEEB6F4E9}.Release|Any CPU.ActiveCfg = Release|Any CPU
		{A40C9236-596D-4F59-A0A5-611AEEB6F4E9}.Release|Any CPU.Build.0 = Release|Any CPU
		{EB30BA30-BEAB-4C63-BC09-E18910C1B4E8}.Debug|Any CPU.ActiveCfg = Debug|Any CPU
		{EB30BA30-BEAB-4C63-BC09-E18910C1B4E8}.Debug|Any CPU.Build.0 = Debug|Any CPU
		{EB30BA30-BEAB-4C63-BC09-E18910C1B4E8}.Release|Any CPU.ActiveCfg = Release|Any CPU
		{EB30BA30-BEAB-4C63-BC09-E18910C1B4E8}.Release|Any CPU.Build.0 = Release|Any CPU
	EndGlobalSection
	GlobalSection(SolutionProperties) = preSolution
		HideSolutionNode = FALSE
	EndGlobalSection
EndGlobal
